// !$*UTF8*$!
{
	archiveVersion = 1;
	classes = {
	};
	objectVersion = 46;
	objects = {

/* Begin PBXBuildFile section */
		940F074C1D3FFD77004CBA8F /* NewEntryTableViewController.swift in Sources */ = {isa = PBXBuildFile; fileRef = 940F074B1D3FFD77004CBA8F /* NewEntryTableViewController.swift */; };
		94D472311D3ED21700FD5057 /* AppDelegate.swift in Sources */ = {isa = PBXBuildFile; fileRef = 94D472301D3ED21700FD5057 /* AppDelegate.swift */; };
		94D472331D3ED21700FD5057 /* DiaryEntryListViewController.swift in Sources */ = {isa = PBXBuildFile; fileRef = 94D472321D3ED21700FD5057 /* DiaryEntryListViewController.swift */; };
		94D472361D3ED21700FD5057 /* Main.storyboard in Resources */ = {isa = PBXBuildFile; fileRef = 94D472341D3ED21700FD5057 /* Main.storyboard */; };
		94D472381D3ED21700FD5057 /* Assets.xcassets in Resources */ = {isa = PBXBuildFile; fileRef = 94D472371D3ED21700FD5057 /* Assets.xcassets */; };
		94D4723B1D3ED21700FD5057 /* LaunchScreen.storyboard in Resources */ = {isa = PBXBuildFile; fileRef = 94D472391D3ED21700FD5057 /* LaunchScreen.storyboard */; };
		94D472441D3ED22200FD5057 /* Model.xcdatamodeld in Sources */ = {isa = PBXBuildFile; fileRef = 94D472421D3ED22200FD5057 /* Model.xcdatamodeld */; };
		94D472461D3ED34800FD5057 /* CoreDataManager.swift in Sources */ = {isa = PBXBuildFile; fileRef = 94D472451D3ED34800FD5057 /* CoreDataManager.swift */; };
		94D4724B1D3ED5AB00FD5057 /* DiaryEntryCellTableViewCell.swift in Sources */ = {isa = PBXBuildFile; fileRef = 94D4724A1D3ED5AB00FD5057 /* DiaryEntryCellTableViewCell.swift */; };
/* End PBXBuildFile section */

/* Begin PBXFileReference section */
		940F074B1D3FFD77004CBA8F /* NewEntryTableViewController.swift */ = {isa = PBXFileReference; fileEncoding = 4; lastKnownFileType = sourcecode.swift; path = NewEntryTableViewController.swift; sourceTree = "<group>"; };
		94D4722D1D3ED21700FD5057 /* Diary.app */ = {isa = PBXFileReference; explicitFileType = wrapper.application; includeInIndex = 0; path = Diary.app; sourceTree = BUILT_PRODUCTS_DIR; };
		94D472301D3ED21700FD5057 /* AppDelegate.swift */ = {isa = PBXFileReference; lastKnownFileType = sourcecode.swift; path = AppDelegate.swift; sourceTree = "<group>"; };
		94D472321D3ED21700FD5057 /* DiaryEntryListViewController.swift */ = {isa = PBXFileReference; lastKnownFileType = sourcecode.swift; path = DiaryEntryListViewController.swift; sourceTree = "<group>"; };
		94D472351D3ED21700FD5057 /* Base */ = {isa = PBXFileReference; lastKnownFileType = file.storyboard; name = Base; path = Base.lproj/Main.storyboard; sourceTree = "<group>"; };
		94D472371D3ED21700FD5057 /* Assets.xcassets */ = {isa = PBXFileReference; lastKnownFileType = folder.assetcatalog; path = Assets.xcassets; sourceTree = "<group>"; };
		94D4723A1D3ED21700FD5057 /* Base */ = {isa = PBXFileReference; lastKnownFileType = file.storyboard; name = Base; path = Base.lproj/LaunchScreen.storyboard; sourceTree = "<group>"; };
		94D4723C1D3ED21700FD5057 /* Info.plist */ = {isa = PBXFileReference; lastKnownFileType = text.plist.xml; path = Info.plist; sourceTree = "<group>"; };
		94D472431D3ED22200FD5057 /* Model.xcdatamodel */ = {isa = PBXFileReference; lastKnownFileType = wrapper.xcdatamodel; path = Model.xcdatamodel; sourceTree = "<group>"; };
		94D472451D3ED34800FD5057 /* CoreDataManager.swift */ = {isa = PBXFileReference; fileEncoding = 4; lastKnownFileType = sourcecode.swift; path = CoreDataManager.swift; sourceTree = "<group>"; };
		94D4724A1D3ED5AB00FD5057 /* DiaryEntryCellTableViewCell.swift */ = {isa = PBXFileReference; fileEncoding = 4; lastKnownFileType = sourcecode.swift; path = DiaryEntryCellTableViewCell.swift; sourceTree = "<group>"; };
/* End PBXFileReference section */

/* Begin PBXFrameworksBuildPhase section */
		94D4722A1D3ED21700FD5057 /* Frameworks */ = {
			isa = PBXFrameworksBuildPhase;
			buildActionMask = 2147483647;
			files = (
			);
			runOnlyForDeploymentPostprocessing = 0;
		};
/* End PBXFrameworksBuildPhase section */

/* Begin PBXGroup section */
		940F074D1D400714004CBA8F /* TableViewCell */ = {
			isa = PBXGroup;
			children = (
				94D4724A1D3ED5AB00FD5057 /* DiaryEntryCellTableViewCell.swift */,
			);
			name = TableViewCell;
			sourceTree = "<group>";
		};
		94D472241D3ED21700FD5057 = {
			isa = PBXGroup;
			children = (
				94D4722F1D3ED21700FD5057 /* Diary */,
				94D4722E1D3ED21700FD5057 /* Products */,
			);
			sourceTree = "<group>";
		};
		94D4722E1D3ED21700FD5057 /* Products */ = {
			isa = PBXGroup;
			children = (
				94D4722D1D3ED21700FD5057 /* Diary.app */,
			);
			name = Products;
			sourceTree = "<group>";
		};
		94D4722F1D3ED21700FD5057 /* Diary */ = {
			isa = PBXGroup;
			children = (
				94D472491D3ED36200FD5057 /* Views */,
				94D472481D3ED35C00FD5057 /* Controllers */,
				94D472471D3ED34E00FD5057 /* Model */,
			);
			path = Diary;
			sourceTree = "<group>";
		};
		94D472471D3ED34E00FD5057 /* Model */ = {
			isa = PBXGroup;
			children = (
				94D472421D3ED22200FD5057 /* Model.xcdatamodeld */,
				94D472451D3ED34800FD5057 /* CoreDataManager.swift */,
				94D4723C1D3ED21700FD5057 /* Info.plist */,
			);
			name = Model;
			sourceTree = "<group>";
		};
		94D472481D3ED35C00FD5057 /* Controllers */ = {
			isa = PBXGroup;
			children = (
				940F074D1D400714004CBA8F /* TableViewCell */,
				94D472301D3ED21700FD5057 /* AppDelegate.swift */,
				94D472321D3ED21700FD5057 /* DiaryEntryListViewController.swift */,
				940F074B1D3FFD77004CBA8F /* NewEntryTableViewController.swift */,
			);
			name = Controllers;
			sourceTree = "<group>";
		};
		94D472491D3ED36200FD5057 /* Views */ = {
			isa = PBXGroup;
			children = (
				94D472341D3ED21700FD5057 /* Main.storyboard */,
				94D472371D3ED21700FD5057 /* Assets.xcassets */,
				94D472391D3ED21700FD5057 /* LaunchScreen.storyboard */,
			);
			name = Views;
			sourceTree = "<group>";
		};
/* End PBXGroup section */

/* Begin PBXNativeTarget section */
		94D4722C1D3ED21700FD5057 /* Diary */ = {
			isa = PBXNativeTarget;
			buildConfigurationList = 94D4723F1D3ED21700FD5057 /* Build configuration list for PBXNativeTarget "Diary" */;
			buildPhases = (
				94D472291D3ED21700FD5057 /* Sources */,
				94D4722A1D3ED21700FD5057 /* Frameworks */,
				94D4722B1D3ED21700FD5057 /* Resources */,
			);
			buildRules = (
			);
			dependencies = (
			);
			name = Diary;
			productName = Diary;
			productReference = 94D4722D1D3ED21700FD5057 /* Diary.app */;
			productType = "com.apple.product-type.application";
		};
/* End PBXNativeTarget section */

/* Begin PBXProject section */
		94D472251D3ED21700FD5057 /* Project object */ = {
			isa = PBXProject;
			attributes = {
				LastSwiftUpdateCheck = 0730;
				LastUpgradeCheck = 0730;
				ORGANIZATIONNAME = "Ryan Cortez";
				TargetAttributes = {
					94D4722C1D3ED21700FD5057 = {
						CreatedOnToolsVersion = 7.3.1;
					};
				};
			};
			buildConfigurationList = 94D472281D3ED21700FD5057 /* Build configuration list for PBXProject "Diary" */;
			compatibilityVersion = "Xcode 3.2";
			developmentRegion = English;
			hasScannedForEncodings = 0;
			knownRegions = (
				en,
				Base,
			);
			mainGroup = 94D472241D3ED21700FD5057;
			productRefGroup = 94D4722E1D3ED21700FD5057 /* Products */;
			projectDirPath = "";
			projectRoot = "";
			targets = (
				94D4722C1D3ED21700FD5057 /* Diary */,
			);
		};
/* End PBXProject section */

/* Begin PBXResourcesBuildPhase section */
		94D4722B1D3ED21700FD5057 /* Resources */ = {
			isa = PBXResourcesBuildPhase;
			buildActionMask = 2147483647;
			files = (
				94D4723B1D3ED21700FD5057 /* LaunchScreen.storyboard in Resources */,
				94D472381D3ED21700FD5057 /* Assets.xcassets in Resources */,
				94D472361D3ED21700FD5057 /* Main.storyboard in Resources */,
			);
			runOnlyForDeploymentPostprocessing = 0;
		};
/* End PBXResourcesBuildPhase section */

/* Begin PBXSourcesBuildPhase section */
		94D472291D3ED21700FD5057 /* Sources */ = {
			isa = PBXSourcesBuildPhase;
			buildActionMask = 2147483647;
			files = (
				94D472331D3ED21700FD5057 /* DiaryEntryListViewController.swift in Sources */,
				940F074C1D3FFD77004CBA8F /* NewEntryTableViewController.swift in Sources */,
				94D472311D3ED21700FD5057 /* AppDelegate.swift in Sources */,
				94D472461D3ED34800FD5057 /* CoreDataManager.swift in Sources */,
				94D4724B1D3ED5AB00FD5057 /* DiaryEntryCellTableViewCell.swift in Sources */,
				94D472441D3ED22200FD5057 /* Model.xcdatamodeld in Sources */,
			);
			runOnlyForDeploymentPostprocessing = 0;
		};
/* End PBXSourcesBuildPhase section */

/* Begin PBXVariantGroup section */
		94D472341D3ED21700FD5057 /* Main.storyboard */ = {
			isa = PBXVariantGroup;
			children = (
				94D472351D3ED21700FD5057 /* Base */,
			);
			name = Main.storyboard;
			sourceTree = "<group>";
		};
		94D472391D3ED21700FD5057 /* LaunchScreen.storyboard */ = {
			isa = PBXVariantGroup;
			children = (
				94D4723A1D3ED21700FD5057 /* Base */,
			);
			name = LaunchScreen.storyboard;
			sourceTree = "<group>";
		};
/* End PBXVariantGroup section */

/* Begin XCBuildConfiguration section */
		94D4723D1D3ED21700FD5057 /* Debug */ = {
			isa = XCBuildConfiguration;
			buildSettings = {
				ALWAYS_SEARCH_USER_PATHS = NO;
				CLANG_ANALYZER_NONNULL = YES;
				CLANG_CXX_LANGUAGE_STANDARD = "gnu++0x";
				CLANG_CXX_LIBRARY = "libc++";
				CLANG_ENABLE_MODULES = YES;
				CLANG_ENABLE_OBJC_ARC = YES;
				CLANG_WARN_BOOL_CONVERSION = YES;
				CLANG_WARN_CONSTANT_CONVERSION = YES;
				CLANG_WARN_DIRECT_OBJC_ISA_USAGE = YES_ERROR;
				CLANG_WARN_EMPTY_BODY = YES;
				CLANG_WARN_ENUM_CONVERSION = YES;
				CLANG_WARN_INT_CONVERSION = YES;
				CLANG_WARN_OBJC_ROOT_CLASS = YES_ERROR;
				CLANG_WARN_UNREACHABLE_CODE = YES;
				CLANG_WARN__DUPLICATE_METHOD_MATCH = YES;
				"CODE_SIGN_IDENTITY[sdk=iphoneos*]" = "iPhone Developer";
				COPY_PHASE_STRIP = NO;
				DEBUG_INFORMATION_FORMAT = dwarf;
				ENABLE_STRICT_OBJC_MSGSEND = YES;
				ENABLE_TESTABILITY = YES;
				GCC_C_LANGUAGE_STANDARD = gnu99;
				GCC_DYNAMIC_NO_PIC = NO;
				GCC_NO_COMMON_BLOCKS = YES;
				GCC_OPTIMIZATION_LEVEL = 0;
				GCC_PREPROCESSOR_DEFINITIONS = (
					"DEBUG=1",
					"$(inherited)",
				);
				GCC_WARN_64_TO_32_BIT_CONVERSION = YES;
				GCC_WARN_ABOUT_RETURN_TYPE = YES_ERROR;
				GCC_WARN_UNDECLARED_SELECTOR = YES;
				GCC_WARN_UNINITIALIZED_AUTOS = YES_AGGRESSIVE;
				GCC_WARN_UNUSED_FUNCTION = YES;
				GCC_WARN_UNUSED_VARIABLE = YES;
				IPHONEOS_DEPLOYMENT_TARGET = 9.3;
				MTL_ENABLE_DEBUG_INFO = YES;
				ONLY_ACTIVE_ARCH = YES;
				SDKROOT = iphoneos;
				SWIFT_OPTIMIZATION_LEVEL = "-Onone";
				TARGETED_DEVICE_FAMILY = "1,2";
			};
			name = Debug;
		};
		94D4723E1D3ED21700FD5057 /* Release */ = {
			isa = XCBuildConfiguration;
			buildSettings = {
				ALWAYS_SEARCH_USER_PATHS = NO;
				CLANG_ANALYZER_NONNULL = YES;
				CLANG_CXX_LANGUAGE_STANDARD = "gnu++0x";
				CLANG_CXX_LIBRARY = "libc++";
				CLANG_ENABLE_MODULES = YES;
				CLANG_ENABLE_OBJC_ARC = YES;
				CLANG_WARN_BOOL_CONVERSION = YES;
				CLANG_WARN_CONSTANT_CONVERSION = YES;
				CLANG_WARN_DIRECT_OBJC_ISA_USAGE = YES_ERROR;
				CLANG_WARN_EMPTY_BODY = YES;
				CLANG_WARN_ENUM_CONVERSION = YES;
				CLANG_WARN_INT_CONVERSION = YES;
				CLANG_WARN_OBJC_ROOT_CLASS = YES_ERROR;
				CLANG_WARN_UNREACHABLE_CODE = YES;
				CLANG_WARN__DUPLICATE_METHOD_MATCH = YES;
				"CODE_SIGN_IDENTITY[sdk=iphoneos*]" = "iPhone Developer";
				COPY_PHASE_STRIP = NO;
				DEBUG_INFORMATION_FORMAT = "dwarf-with-dsym";
				ENABLE_NS_ASSERTIONS = NO;
				ENABLE_STRICT_OBJC_MSGSEND = YES;
				GCC_C_LANGUAGE_STANDARD = gnu99;
				GCC_NO_COMMON_BLOCKS = YES;
				GCC_WARN_64_TO_32_BIT_CONVERSION = YES;
				GCC_WARN_ABOUT_RETURN_TYPE = YES_ERROR;
				GCC_WARN_UNDECLARED_SELECTOR = YES;
				GCC_WARN_UNINITIALIZED_AUTOS = YES_AGGRESSIVE;
				GCC_WARN_UNUSED_FUNCTION = YES;
				GCC_WARN_UNUSED_VARIABLE = YES;
				IPHONEOS_DEPLOYMENT_TARGET = 9.3;
				MTL_ENABLE_DEBUG_INFO = NO;
				SDKROOT = iphoneos;
				TARGETED_DEVICE_FAMILY = "1,2";
				VALIDATE_PRODUCT = YES;
			};
			name = Release;
		};
		94D472401D3ED21700FD5057 /* Debug */ = {
			isa = XCBuildConfiguration;
			buildSettings = {
				ASSETCATALOG_COMPILER_APPICON_NAME = AppIcon;
				INFOPLIST_FILE = Diary/Info.plist;
				LD_RUNPATH_SEARCH_PATHS = "$(inherited) @executable_path/Frameworks";
				PRODUCT_BUNDLE_IDENTIFIER = ryancortez.Diary;
				PRODUCT_NAME = "$(TARGET_NAME)";
			};
			name = Debug;
		};
		94D472411D3ED21700FD5057 /* Release */ = {
			isa = XCBuildConfiguration;
			buildSettings = {
				ASSETCATALOG_COMPILER_APPICON_NAME = AppIcon;
				INFOPLIST_FILE = Diary/Info.plist;
				LD_RUNPATH_SEARCH_PATHS = "$(inherited) @executable_path/Frameworks";
				PRODUCT_BUNDLE_IDENTIFIER = ryancortez.Diary;
				PRODUCT_NAME = "$(TARGET_NAME)";
			};
			name = Release;
		};
/* End XCBuildConfiguration section */

/* Begin XCConfigurationList section */
		94D472281D3ED21700FD5057 /* Build configuration list for PBXProject "Diary" */ = {
			isa = XCConfigurationList;
			buildConfigurations = (
				94D4723D1D3ED21700FD5057 /* Debug */,
				94D4723E1D3ED21700FD5057 /* Release */,
			);
			defaultConfigurationIsVisible = 0;
			defaultConfigurationName = Release;
		};
		94D4723F1D3ED21700FD5057 /* Build configuration list for PBXNativeTarget "Diary" */ = {
			isa = XCConfigurationList;
			buildConfigurations = (
				94D472401D3ED21700FD5057 /* Debug */,
				94D472411D3ED21700FD5057 /* Release */,
			);
			defaultConfigurationIsVisible = 0;
			defaultConfigurationName = Release;
		};
/* End XCConfigurationList section */

/* Begin XCVersionGroup section */
		94D472421D3ED22200FD5057 /* Model.xcdatamodeld */ = {
			isa = XCVersionGroup;
			children = (
				94D472431D3ED22200FD5057 /* Model.xcdatamodel */,
			);
			currentVersion = 94D472431D3ED22200FD5057 /* Model.xcdatamodel */;
			name = Model.xcdatamodeld;
			path = ../Model.xcdatamodeld;
			sourceTree = "<group>";
			versionGroupType = wrapper.xcdatamodel;
		};
/* End XCVersionGroup section */
	};
	rootObject = 94D472251D3ED21700FD5057 /* Project object */;
}
